
Microsoft Visual Studio Solution File, Format Version 12.00
# Visual Studio Version 17
VisualStudioVersion = 17.14.37516.0 d17.14
MinimumVisualStudioVersion = 10.0.40219.1
Project("{FAE04EC0-301F-11D3-BF4B-00C04F79EFBC}") = "ConsoleApp8", "ConsoleApp8\ConsoleApp8.csproj", "{88CCC54A-9A39-4CD4-B27E-A0DDB772FACD}"
EndProject
Global
	GlobalSection(SolutionConfigurationPlatforms) = preSolution
		Debug|Any CPU = Debug|Any CPU
		Release|Any CPU = Release|Any CPU
	EndGlobalSection
	GlobalSection(ProjectConfigurationPlatforms) = postSolution
		{88CCC54A-9A39-4CD4-B27E-A0DDB772FACD}.Debug|Any CPU.ActiveCfg = Debug|Any CPU
		{88CCC54A-9A39-4CD4-B27E-A0DDB772FACD}.Debug|Any CPU.Build.0 = Debug|Any CPU
		{88CCC54A-9A39-4CD4-B27E-A0DDB772FACD}.Release|Any CPU.ActiveCfg = Release|Any CPU
		{88CCC54A-9A39-4CD4-B27E-A0DDB772FACD}.Release|Any CPU.Build.0 = Release|Any CPU
	EndGlobalSection
	GlobalSection(SolutionProperties) = preSolution
		HideSolutionNode = FALSE
	EndGlobalSection
	GlobalSection(ExtensibilityGlobals) = postSolution
		SolutionGuid = {7F325B64-B93F-4BE5-92E4-DDFDE308E0F2}
	EndGlobalSection
EndGlobal
