
Microsoft Visual Studio Solution File, Format Version 12.00
# Visual Studio Version 17
VisualStudioVersion = 17.14.37516.0 d17.14
MinimumVisualStudioVersion = 10.0.40219.1
Project("{FAE04EC0-301F-11D3-BF4B-00C04F79EFBC}") = "ConsoleApp9", "ConsoleApp9\ConsoleApp9.csproj", "{F8B8BDEC-5769-4B5A-A9AD-4F2C68157816}"
EndProject
Global
	GlobalSection(SolutionConfigurationPlatforms) = preSolution
		Debug|Any CPU = Debug|Any CPU
		Release|Any CPU = Release|Any CPU
	EndGlobalSection
	GlobalSection(ProjectConfigurationPlatforms) = postSolution
		{F8B8BDEC-5769-4B5A-A9AD-4F2C68157816}.Debug|Any CPU.ActiveCfg = Debug|Any CPU
		{F8B8BDEC-5769-4B5A-A9AD-4F2C68157816}.Debug|Any CPU.Build.0 = Debug|Any CPU
		{F8B8BDEC-5769-4B5A-A9AD-4F2C68157816}.Release|Any CPU.ActiveCfg = Release|Any CPU
		{F8B8BDEC-5769-4B5A-A9AD-4F2C68157816}.Release|Any CPU.Build.0 = Release|Any CPU
	EndGlobalSection
	GlobalSection(SolutionProperties) = preSolution
		HideSolutionNode = FALSE
	EndGlobalSection
	GlobalSection(ExtensibilityGlobals) = postSolution
		SolutionGuid = {BB44B18D-8A5D-4B9F-B974-5E7928CCBAEC}
	EndGlobalSection
EndGlobal
